
Microsoft Visual Studio Solution File, Format Version 12.00
# Visual Studio Version 16
VisualStudioVersion = 16.0.30204.135
MinimumVisualStudioVersion = 10.0.40219.1
Project("{FAE04EC0-301F-11D3-BF4B-00C04F79EFBC}") = "eShopSolution.WebApp", "eShopSolution.WebApp\eShopSolution.WebApp.csproj", "{92BB93E0-B9CF-4425-8A55-1BC4046C3CBE}"
EndProject
Global
	GlobalSection(SolutionConfigurationPlatforms) = preSolution
		Debug|Any CPU = Debug|Any CPU
		Release|Any CPU = Release|Any CPU
	EndGlobalSection
	GlobalSection(ProjectConfigurationPlatforms) = postSolution
		{92BB93E0-B9CF-4425-8A55-1BC4046C3CBE}.Debug|Any CPU.ActiveCfg = Debug|Any CPU
		{92BB93E0-B9CF-4425-8A55-1BC4046C3CBE}.Debug|Any CPU.Build.0 = Debug|Any CPU
		{92BB93E0-B9CF-4425-8A55-1BC4046C3CBE}.Release|Any CPU.ActiveCfg = Release|Any CPU
		{92BB93E0-B9CF-4425-8A55-1BC4046C3CBE}.Release|Any CPU.Build.0 = Release|Any CPU
	EndGlobalSection
	GlobalSection(SolutionProperties) = preSolution
		HideSolutionNode = FALSE
	EndGlobalSection
	GlobalSection(ExtensibilityGlobals) = postSolution
		SolutionGuid = {ABE3FEA7-3F91-4E94-A8A7-035E770D871F}
	EndGlobalSection
EndGlobal
