
Microsoft Visual Studio Solution File, Format Version 12.00
# Visual Studio Version 16
VisualStudioVersion = 16.0.30204.135
MinimumVisualStudioVersion = 10.0.40219.1
Project("{FAE04EC0-301F-11D3-BF4B-00C04F79EFBC}") = "eShopSolution.WebApp", "eShopSolution.WebApp\eShopSolution.WebApp.csproj", "{92BB93E0-B9CF-4425-8A55-1BC4046C3CBE}"
EndProject
Project("{2150E333-8FDC-42A3-9474-1A3956D46DE8}") = "Solution Items", "Solution Items", "{886463A1-DC10-4D6E-B9CA-04A94D0AF838}"
	ProjectSection(SolutionItems) = preProject
		README.md = README.md
	EndProjectSection
EndProject
Project("{FAE04EC0-301F-11D3-BF4B-00C04F79EFBC}") = "eShopSolution.Data", "eShopSolution.Data\eShopSolution.Data.csproj", "{208DED4B-E439-4D03-AB24-E7CA2385FD7E}"
EndProject
Project("{FAE04EC0-301F-11D3-BF4B-00C04F79EFBC}") = "eShopSolution.Application", "eShopSolution.Application\eShopSolution.Application.csproj", "{0A2A98CE-D332-4A31-8F02-20ED889E5591}"
EndProject
Global
	GlobalSection(SolutionConfigurationPlatforms) = preSolution
		Debug|Any CPU = Debug|Any CPU
		Release|Any CPU = Release|Any CPU
	EndGlobalSection
	GlobalSection(ProjectConfigurationPlatforms) = postSolution
		{92BB93E0-B9CF-4425-8A55-1BC4046C3CBE}.Debug|Any CPU.ActiveCfg = Debug|Any CPU
		{92BB93E0-B9CF-4425-8A55-1BC4046C3CBE}.Debug|Any CPU.Build.0 = Debug|Any CPU
		{92BB93E0-B9CF-4425-8A55-1BC4046C3CBE}.Release|Any CPU.ActiveCfg = Release|Any CPU
		{92BB93E0-B9CF-4425-8A55-1BC4046C3CBE}.Release|Any CPU.Build.0 = Release|Any CPU
		{208DED4B-E439-4D03-AB24-E7CA2385FD7E}.Debug|Any CPU.ActiveCfg = Debug|Any CPU
		{208DED4B-E439-4D03-AB24-E7CA2385FD7E}.Debug|Any CPU.Build.0 = Debug|Any CPU
		{208DED4B-E439-4D03-AB24-E7CA2385FD7E}.Release|Any CPU.ActiveCfg = Release|Any CPU
		{208DED4B-E439-4D03-AB24-E7CA2385FD7E}.Release|Any CPU.Build.0 = Release|Any CPU
		{0A2A98CE-D332-4A31-8F02-20ED889E5591}.Debug|Any CPU.ActiveCfg = Debug|Any CPU
		{0A2A98CE-D332-4A31-8F02-20ED889E5591}.Debug|Any CPU.Build.0 = Debug|Any CPU
		{0A2A98CE-D332-4A31-8F02-20ED889E5591}.Release|Any CPU.ActiveCfg = Release|Any CPU
		{0A2A98CE-D332-4A31-8F02-20ED889E5591}.Release|Any CPU.Build.0 = Release|Any CPU
	EndGlobalSection
	GlobalSection(SolutionProperties) = preSolution
		HideSolutionNode = FALSE
	EndGlobalSection
	GlobalSection(ExtensibilityGlobals) = postSolution
		SolutionGuid = {ABE3FEA7-3F91-4E94-A8A7-035E770D871F}
	EndGlobalSection
EndGlobal
